
Microsoft Visual Studio Solution File, Format Version 12.00
# Visual Studio 2012
Project("{FAE04EC0-301F-11D3-BF4B-00C04F79EFBC}") = "153301021_bm", "153301021_bm\153301021_bm.csproj", "{0BBE6FF4-C8E8-4DC5-9EA1-A9712E2B8DDD}"
EndProject
Global
	GlobalSection(SolutionConfigurationPlatforms) = preSolution
		Debug|Any CPU = Debug|Any CPU
		Release|Any CPU = Release|Any CPU
	EndGlobalSection
	GlobalSection(ProjectConfigurationPlatforms) = postSolution
		{0BBE6FF4-C8E8-4DC5-9EA1-A9712E2B8DDD}.Debug|Any CPU.ActiveCfg = Debug|Any CPU
		{0BBE6FF4-C8E8-4DC5-9EA1-A9712E2B8DDD}.Debug|Any CPU.Build.0 = Debug|Any CPU
		{0BBE6FF4-C8E8-4DC5-9EA1-A9712E2B8DDD}.Release|Any CPU.ActiveCfg = Release|Any CPU
		{0BBE6FF4-C8E8-4DC5-9EA1-A9712E2B8DDD}.Release|Any CPU.Build.0 = Release|Any CPU
	EndGlobalSection
	GlobalSection(SolutionProperties) = preSolution
		HideSolutionNode = FALSE
	EndGlobalSection
EndGlobal
